
Microsoft Visual Studio Solution File, Format Version 12.00
# Visual Studio Version 17
VisualStudioVersion = 17.7.34031.279
MinimumVisualStudioVersion = 10.0.40219.1
Project("{8BC9CEB8-8B4A-11D0-8D11-00A0C91BC942}") = "Common", "Common\Common.vcxproj", "{D6BDD625-9BDB-40AE-95A2-D5E173991349}"
EndProject
Project("{8BC9CEB8-8B4A-11D0-8D11-00A0C91BC942}") = "Headless", "Headless\Headless.vcxproj", "{5B6E09AB-E877-4376-B07A-433E001AAAD3}"
	ProjectSection(ProjectDependencies) = postProject
		{D6BDD625-9BDB-40AE-95A2-D5E173991349} = {D6BDD625-9BDB-40AE-95A2-D5E173991349}
	EndProjectSection
EndProject
Project("{8BC9CEB8-8B4A-11D0-8D11-00A0C91BC942}") = "GUI", "GUI\GUI.vcxproj", "{9BF8B02A-82E5-45AD-A082-C3CF8C02BCFD}"
EndProject
Global
	GlobalSection(SolutionConfigurationPlatforms) = preSolution
		Debug|x64 = Debug|x64
		Debug|x86 = Debug|x86
		Release|x64 = Release|x64
		Release|x86 = Release|x86
	EndGlobalSection
	GlobalSection(ProjectConfigurationPlatforms) = postSolution
		{D6BDD625-9BDB-40AE-95A2-D5E173991349}.Debug|x64.ActiveCfg = Debug|x64
		{D6BDD625-9BDB-40AE-95A2-D5E173991349}.Debug|x64.Build.0 = Debug|x64
		{D6BDD625-9BDB-40AE-95A2-D5E173991349}.Debug|x86.ActiveCfg = Debug|Win32
		{D6BDD625-9BDB-40AE-95A2-D5E173991349}.Debug|x86.Build.0 = Debug|Win32
		{D6BDD625-9BDB-40AE-95A2-D5E173991349}.Release|x64.ActiveCfg = Release|x64
		{D6BDD625-9BDB-40AE-95A2-D5E173991349}.Release|x64.Build.0 = Release|x64
		{D6BDD625-9BDB-40AE-95A2-D5E173991349}.Release|x86.ActiveCfg = Release|Win32
		{D6BDD625-9BDB-40AE-95A2-D5E173991349}.Release|x86.Build.0 = Release|Win32
		{5B6E09AB-E877-4376-B07A-433E001AAAD3}.Debug|x64.ActiveCfg = Debug|x64
		{5B6E09AB-E877-4376-B07A-433E001AAAD3}.Debug|x64.Build.0 = Debug|x64
		{5B6E09AB-E877-4376-B07A-433E001AAAD3}.Debug|x86.ActiveCfg = Debug|Win32
		{5B6E09AB-E877-4376-B07A-433E001AAAD3}.Debug|x86.Build.0 = Debug|Win32
		{5B6E09AB-E877-4376-B07A-433E001AAAD3}.Release|x64.ActiveCfg = Release|x64
		{5B6E09AB-E877-4376-B07A-433E001AAAD3}.Release|x64.Build.0 = Release|x64
		{5B6E09AB-E877-4376-B07A-433E001AAAD3}.Release|x86.ActiveCfg = Release|Win32
		{5B6E09AB-E877-4376-B07A-433E001AAAD3}.Release|x86.Build.0 = Release|Win32
		{9BF8B02A-82E5-45AD-A082-C3CF8C02BCFD}.Debug|x64.ActiveCfg = Debug|x64
		{9BF8B02A-82E5-45AD-A082-C3CF8C02BCFD}.Debug|x64.Build.0 = Debug|x64
		{9BF8B02A-82E5-45AD-A082-C3CF8C02BCFD}.Debug|x86.ActiveCfg = Debug|Win32
		{9BF8B02A-82E5-45AD-A082-C3CF8C02BCFD}.Debug|x86.Build.0 = Debug|Win32
		{9BF8B02A-82E5-45AD-A082-C3CF8C02BCFD}.Release|x64.ActiveCfg = Release|x64
		{9BF8B02A-82E5-45AD-A082-C3CF8C02BCFD}.Release|x64.Build.0 = Release|x64
		{9BF8B02A-82E5-45AD-A082-C3CF8C02BCFD}.Release|x86.ActiveCfg = Release|Win32
		{9BF8B02A-82E5-45AD-A082-C3CF8C02BCFD}.Release|x86.Build.0 = Release|Win32
	EndGlobalSection
	GlobalSection(SolutionProperties) = preSolution
		HideSolutionNode = FALSE
	EndGlobalSection
	GlobalSection(ExtensibilityGlobals) = postSolution
		SolutionGuid = {98B98993-79B5-4320-8478-99E291A067C0}
	EndGlobalSection
EndGlobal
